// !$*UTF8*$!
{
	archiveVersion = 1;
	classes = {
	};
	objectVersion = 50;
	objects = {

/* Begin PBXBuildFile section */
		D234EF2D21E8AEF200EE853A /* CounterView.swift in Sources */ = {isa = PBXBuildFile; fileRef = D234EF2C21E8AEF200EE853A /* CounterView.swift */; };
		D234EF2F21E8BDEB00EE853A /* GraphView.swift in Sources */ = {isa = PBXBuildFile; fileRef = D234EF2E21E8BDEB00EE853A /* GraphView.swift */; };
		D234EF3121E8DF6200EE853A /* BackgroundView.swift in Sources */ = {isa = PBXBuildFile; fileRef = D234EF3021E8DF6200EE853A /* BackgroundView.swift */; };
		D2A067F321E7A78B00917F94 /* AppDelegate.swift in Sources */ = {isa = PBXBuildFile; fileRef = D2A067F221E7A78B00917F94 /* AppDelegate.swift */; };
		D2A067F521E7A78B00917F94 /* ViewController.swift in Sources */ = {isa = PBXBuildFile; fileRef = D2A067F421E7A78B00917F94 /* ViewController.swift */; };
		D2A067F821E7A78B00917F94 /* Main.storyboard in Resources */ = {isa = PBXBuildFile; fileRef = D2A067F621E7A78B00917F94 /* Main.storyboard */; };
		D2A067FA21E7A78D00917F94 /* Assets.xcassets in Resources */ = {isa = PBXBuildFile; fileRef = D2A067F921E7A78D00917F94 /* Assets.xcassets */; };
		D2A067FD21E7A78D00917F94 /* LaunchScreen.storyboard in Resources */ = {isa = PBXBuildFile; fileRef = D2A067FB21E7A78D00917F94 /* LaunchScreen.storyboard */; };
		D2A0680521E7A7D600917F94 /* PushButton.swift in Sources */ = {isa = PBXBuildFile; fileRef = D2A0680421E7A7D600917F94 /* PushButton.swift */; };
/* End PBXBuildFile section */

/* Begin PBXFileReference section */
		D234EF2C21E8AEF200EE853A /* CounterView.swift */ = {isa = PBXFileReference; lastKnownFileType = sourcecode.swift; path = CounterView.swift; sourceTree = "<group>"; };
		D234EF2E21E8BDEB00EE853A /* GraphView.swift */ = {isa = PBXFileReference; lastKnownFileType = sourcecode.swift; path = GraphView.swift; sourceTree = "<group>"; };
		D234EF3021E8DF6200EE853A /* BackgroundView.swift */ = {isa = PBXFileReference; lastKnownFileType = sourcecode.swift; path = BackgroundView.swift; sourceTree = "<group>"; };
		D2A067EF21E7A78B00917F94 /* FLO.app */ = {isa = PBXFileReference; explicitFileType = wrapper.application; includeInIndex = 0; path = FLO.app; sourceTree = BUILT_PRODUCTS_DIR; };
		D2A067F221E7A78B00917F94 /* AppDelegate.swift */ = {isa = PBXFileReference; lastKnownFileType = sourcecode.swift; path = AppDelegate.swift; sourceTree = "<group>"; };
		D2A067F421E7A78B00917F94 /* ViewController.swift */ = {isa = PBXFileReference; lastKnownFileType = sourcecode.swift; path = ViewController.swift; sourceTree = "<group>"; };
		D2A067F721E7A78B00917F94 /* Base */ = {isa = PBXFileReference; lastKnownFileType = file.storyboard; name = Base; path = Base.lproj/Main.storyboard; sourceTree = "<group>"; };
		D2A067F921E7A78D00917F94 /* Assets.xcassets */ = {isa = PBXFileReference; lastKnownFileType = folder.assetcatalog; path = Assets.xcassets; sourceTree = "<group>"; };
		D2A067FC21E7A78D00917F94 /* Base */ = {isa = PBXFileReference; lastKnownFileType = file.storyboard; name = Base; path = Base.lproj/LaunchScreen.storyboard; sourceTree = "<group>"; };
		D2A067FE21E7A78D00917F94 /* Info.plist */ = {isa = PBXFileReference; lastKnownFileType = text.plist.xml; path = Info.plist; sourceTree = "<group>"; };
		D2A0680421E7A7D600917F94 /* PushButton.swift */ = {isa = PBXFileReference; lastKnownFileType = sourcecode.swift; path = PushButton.swift; sourceTree = "<group>"; };
/* End PBXFileReference section */

/* Begin PBXFrameworksBuildPhase section */
		D2A067EC21E7A78B00917F94 /* Frameworks */ = {
			isa = PBXFrameworksBuildPhase;
			buildActionMask = 2147483647;
			files = (
			);
			runOnlyForDeploymentPostprocessing = 0;
		};
/* End PBXFrameworksBuildPhase section */

/* Begin PBXGroup section */
		D2A067E621E7A78B00917F94 = {
			isa = PBXGroup;
			children = (
				D2A067F121E7A78B00917F94 /* FLO */,
				D2A067F021E7A78B00917F94 /* Products */,
			);
			sourceTree = "<group>";
		};
		D2A067F021E7A78B00917F94 /* Products */ = {
			isa = PBXGroup;
			children = (
				D2A067EF21E7A78B00917F94 /* FLO.app */,
			);
			name = Products;
			sourceTree = "<group>";
		};
		D2A067F121E7A78B00917F94 /* FLO */ = {
			isa = PBXGroup;
			children = (
				D2A0680421E7A7D600917F94 /* PushButton.swift */,
				D234EF2C21E8AEF200EE853A /* CounterView.swift */,
				D2A067F221E7A78B00917F94 /* AppDelegate.swift */,
				D2A067F421E7A78B00917F94 /* ViewController.swift */,
				D234EF2E21E8BDEB00EE853A /* GraphView.swift */,
				D2A067F621E7A78B00917F94 /* Main.storyboard */,
				D234EF3021E8DF6200EE853A /* BackgroundView.swift */,
				D2A067F921E7A78D00917F94 /* Assets.xcassets */,
				D2A067FB21E7A78D00917F94 /* LaunchScreen.storyboard */,
				D2A067FE21E7A78D00917F94 /* Info.plist */,
			);
			path = FLO;
			sourceTree = "<group>";
		};
/* End PBXGroup section */

/* Begin PBXNativeTarget section */
		D2A067EE21E7A78B00917F94 /* FLO */ = {
			isa = PBXNativeTarget;
			buildConfigurationList = D2A0680121E7A78D00917F94 /* Build configuration list for PBXNativeTarget "FLO" */;
			buildPhases = (
				D2A067EB21E7A78B00917F94 /* Sources */,
				D2A067EC21E7A78B00917F94 /* Frameworks */,
				D2A067ED21E7A78B00917F94 /* Resources */,
			);
			buildRules = (
			);
			dependencies = (
			);
			name = FLO;
			productName = FLO;
			productReference = D2A067EF21E7A78B00917F94 /* FLO.app */;
			productType = "com.apple.product-type.application";
		};
/* End PBXNativeTarget section */

/* Begin PBXProject section */
		D2A067E721E7A78B00917F94 /* Project object */ = {
			isa = PBXProject;
			attributes = {
				LastSwiftUpdateCheck = 1010;
				LastUpgradeCheck = 1010;
				ORGANIZATIONNAME = "Anastasia Zhdanova";
				TargetAttributes = {
					D2A067EE21E7A78B00917F94 = {
						CreatedOnToolsVersion = 10.1;
					};
				};
			};
			buildConfigurationList = D2A067EA21E7A78B00917F94 /* Build configuration list for PBXProject "FLO" */;
			compatibilityVersion = "Xcode 9.3";
			developmentRegion = en;
			hasScannedForEncodings = 0;
			knownRegions = (
				en,
				Base,
			);
			mainGroup = D2A067E621E7A78B00917F94;
			productRefGroup = D2A067F021E7A78B00917F94 /* Products */;
			projectDirPath = "";
			projectRoot = "";
			targets = (
				D2A067EE21E7A78B00917F94 /* FLO */,
			);
		};
/* End PBXProject section */

/* Begin PBXResourcesBuildPhase section */
		D2A067ED21E7A78B00917F94 /* Resources */ = {
			isa = PBXResourcesBuildPhase;
			buildActionMask = 2147483647;
			files = (
				D2A067FD21E7A78D00917F94 /* LaunchScreen.storyboard in Resources */,
				D2A067FA21E7A78D00917F94 /* Assets.xcassets in Resources */,
				D2A067F821E7A78B00917F94 /* Main.storyboard in Resources */,
			);
			runOnlyForDeploymentPostprocessing = 0;
		};
/* End PBXResourcesBuildPhase section */

/* Begin PBXSourcesBuildPhase section */
		D2A067EB21E7A78B00917F94 /* Sources */ = {
			isa = PBXSourcesBuildPhase;
			buildActionMask = 2147483647;
			files = (
				D234EF3121E8DF6200EE853A /* BackgroundView.swift in Sources */,
				D234EF2F21E8BDEB00EE853A /* GraphView.swift in Sources */,
				D2A067F521E7A78B00917F94 /* ViewController.swift in Sources */,
				D2A067F321E7A78B00917F94 /* AppDelegate.swift in Sources */,
				D2A0680521E7A7D600917F94 /* PushButton.swift in Sources */,
				D234EF2D21E8AEF200EE853A /* CounterView.swift in Sources */,
			);
			runOnlyForDeploymentPostprocessing = 0;
		};
/* End PBXSourcesBuildPhase section */

/* Begin PBXVariantGroup section */
		D2A067F621E7A78B00917F94 /* Main.storyboard */ = {
			isa = PBXVariantGroup;
			children = (
				D2A067F721E7A78B00917F94 /* Base */,
			);
			name = Main.storyboard;
			sourceTree = "<group>";
		};
		D2A067FB21E7A78D00917F94 /* LaunchScreen.storyboard */ = {
			isa = PBXVariantGroup;
			children = (
				D2A067FC21E7A78D00917F94 /* Base */,
			);
			name = LaunchScreen.storyboard;
			sourceTree = "<group>";
		};
/* End PBXVariantGroup section */

/* Begin XCBuildConfiguration section */
		D2A067FF21E7A78D00917F94 /* Debug */ = {
			isa = XCBuildConfiguration;
			buildSettings = {
				ALWAYS_SEARCH_USER_PATHS = NO;
				CLANG_ANALYZER_NONNULL = YES;
				CLANG_ANALYZER_NUMBER_OBJECT_CONVERSION = YES_AGGRESSIVE;
				CLANG_CXX_LANGUAGE_STANDARD = "gnu++14";
				CLANG_CXX_LIBRARY = "libc++";
				CLANG_ENABLE_MODULES = YES;
				CLANG_ENABLE_OBJC_ARC = YES;
				CLANG_ENABLE_OBJC_WEAK = YES;
				CLANG_WARN_BLOCK_CAPTURE_AUTORELEASING = YES;
				CLANG_WARN_BOOL_CONVERSION = YES;
				CLANG_WARN_COMMA = YES;
				CLANG_WARN_CONSTANT_CONVERSION = YES;
				CLANG_WARN_DEPRECATED_OBJC_IMPLEMENTATIONS = YES;
				CLANG_WARN_DIRECT_OBJC_ISA_USAGE = YES_ERROR;
				CLANG_WARN_DOCUMENTATION_COMMENTS = YES;
				CLANG_WARN_EMPTY_BODY = YES;
				CLANG_WARN_ENUM_CONVERSION = YES;
				CLANG_WARN_INFINITE_RECURSION = YES;
				CLANG_WARN_INT_CONVERSION = YES;
				CLANG_WARN_NON_LITERAL_NULL_CONVERSION = YES;
				CLANG_WARN_OBJC_IMPLICIT_RETAIN_SELF = YES;
				CLANG_WARN_OBJC_LITERAL_CONVERSION = YES;
				CLANG_WARN_OBJC_ROOT_CLASS = YES_ERROR;
				CLANG_WARN_RANGE_LOOP_ANALYSIS = YES;
				CLANG_WARN_STRICT_PROTOTYPES = YES;
				CLANG_WARN_SUSPICIOUS_MOVE = YES;
				CLANG_WARN_UNGUARDED_AVAILABILITY = YES_AGGRESSIVE;
				CLANG_WARN_UNREACHABLE_CODE = YES;
				CLANG_WARN__DUPLICATE_METHOD_MATCH = YES;
				CODE_SIGN_IDENTITY = "iPhone Developer";
				COPY_PHASE_STRIP = NO;
				DEBUG_INFORMATION_FORMAT = dwarf;
				ENABLE_STRICT_OBJC_MSGSEND = YES;
				ENABLE_TESTABILITY = YES;
				GCC_C_LANGUAGE_STANDARD = gnu11;
				GCC_DYNAMIC_NO_PIC = NO;
				GCC_NO_COMMON_BLOCKS = YES;
				GCC_OPTIMIZATION_LEVEL = 0;
				GCC_PREPROCESSOR_DEFINITIONS = (
					"DEBUG=1",
					"$(inherited)",
				);
				GCC_WARN_64_TO_32_BIT_CONVERSION = YES;
				GCC_WARN_ABOUT_RETURN_TYPE = YES_ERROR;
				GCC_WARN_UNDECLARED_SELECTOR = YES;
				GCC_WARN_UNINITIALIZED_AUTOS = YES_AGGRESSIVE;
				GCC_WARN_UNUSED_FUNCTION = YES;
				GCC_WARN_UNUSED_VARIABLE = YES;
				IPHONEOS_DEPLOYMENT_TARGET = 12.1;
				MTL_ENABLE_DEBUG_INFO = INCLUDE_SOURCE;
				MTL_FAST_MATH = YES;
				ONLY_ACTIVE_ARCH = YES;
				SDKROOT = iphoneos;
				SWIFT_ACTIVE_COMPILATION_CONDITIONS = DEBUG;
				SWIFT_OPTIMIZATION_LEVEL = "-Onone";
			};
			name = Debug;
		};
		D2A0680021E7A78D00917F94 /* Release */ = {
			isa = XCBuildConfiguration;
			buildSettings = {
				ALWAYS_SEARCH_USER_PATHS = NO;
				CLANG_ANALYZER_NONNULL = YES;
				CLANG_ANALYZER_NUMBER_OBJECT_CONVERSION = YES_AGGRESSIVE;
				CLANG_CXX_LANGUAGE_STANDARD = "gnu++14";
				CLANG_CXX_LIBRARY = "libc++";
				CLANG_ENABLE_MODULES = YES;
				CLANG_ENABLE_OBJC_ARC = YES;
				CLANG_ENABLE_OBJC_WEAK = YES;
				CLANG_WARN_BLOCK_CAPTURE_AUTORELEASING = YES;
				CLANG_WARN_BOOL_CONVERSION = YES;
				CLANG_WARN_COMMA = YES;
				CLANG_WARN_CONSTANT_CONVERSION = YES;
				CLANG_WARN_DEPRECATED_OBJC_IMPLEMENTATIONS = YES;
				CLANG_WARN_DIRECT_OBJC_ISA_USAGE = YES_ERROR;
				CLANG_WARN_DOCUMENTATION_COMMENTS = YES;
				CLANG_WARN_EMPTY_BODY = YES;
				CLANG_WARN_ENUM_CONVERSION = YES;
				CLANG_WARN_INFINITE_RECURSION = YES;
				CLANG_WARN_INT_CONVERSION = YES;
				CLANG_WARN_NON_LITERAL_NULL_CONVERSION = YES;
				CLANG_WARN_OBJC_IMPLICIT_RETAIN_SELF = YES;
				CLANG_WARN_OBJC_LITERAL_CONVERSION = YES;
				CLANG_WARN_OBJC_ROOT_CLASS = YES_ERROR;
				CLANG_WARN_RANGE_LOOP_ANALYSIS = YES;
				CLANG_WARN_STRICT_PROTOTYPES = YES;
				CLANG_WARN_SUSPICIOUS_MOVE = YES;
				CLANG_WARN_UNGUARDED_AVAILABILITY = YES_AGGRESSIVE;
				CLANG_WARN_UNREACHABLE_CODE = YES;
				CLANG_WARN__DUPLICATE_METHOD_MATCH = YES;
				CODE_SIGN_IDENTITY = "iPhone Developer";
				COPY_PHASE_STRIP = NO;
				DEBUG_INFORMATION_FORMAT = "dwarf-with-dsym";
				ENABLE_NS_ASSERTIONS = NO;
				ENABLE_STRICT_OBJC_MSGSEND = YES;
				GCC_C_LANGUAGE_STANDARD = gnu11;
				GCC_NO_COMMON_BLOCKS = YES;
				GCC_WARN_64_TO_32_BIT_CONVERSION = YES;
				GCC_WARN_ABOUT_RETURN_TYPE = YES_ERROR;
				GCC_WARN_UNDECLARED_SELECTOR = YES;
				GCC_WARN_UNINITIALIZED_AUTOS = YES_AGGRESSIVE;
				GCC_WARN_UNUSED_FUNCTION = YES;
				GCC_WARN_UNUSED_VARIABLE = YES;
				IPHONEOS_DEPLOYMENT_TARGET = 12.1;
				MTL_ENABLE_DEBUG_INFO = NO;
				MTL_FAST_MATH = YES;
				SDKROOT = iphoneos;
				SWIFT_COMPILATION_MODE = wholemodule;
				SWIFT_OPTIMIZATION_LEVEL = "-O";
				VALIDATE_PRODUCT = YES;
			};
			name = Release;
		};
		D2A0680221E7A78D00917F94 /* Debug */ = {
			isa = XCBuildConfiguration;
			buildSettings = {
				ASSETCATALOG_COMPILER_APPICON_NAME = AppIcon;
				CODE_SIGN_STYLE = Automatic;
				DEVELOPMENT_TEAM = T834R5GZ24;
				INFOPLIST_FILE = FLO/Info.plist;
				LD_RUNPATH_SEARCH_PATHS = (
					"$(inherited)",
					"@executable_path/Frameworks",
				);
				PRODUCT_BUNDLE_IDENTIFIER = nastasja.zhdanova.FLO;
				PRODUCT_NAME = "$(TARGET_NAME)";
				SWIFT_VERSION = 4.2;
				TARGETED_DEVICE_FAMILY = "1,2";
			};
			name = Debug;
		};
		D2A0680321E7A78D00917F94 /* Release */ = {
			isa = XCBuildConfiguration;
			buildSettings = {
				ASSETCATALOG_COMPILER_APPICON_NAME = AppIcon;
				CODE_SIGN_STYLE = Automatic;
				DEVELOPMENT_TEAM = T834R5GZ24;
				INFOPLIST_FILE = FLO/Info.plist;
				LD_RUNPATH_SEARCH_PATHS = (
					"$(inherited)",
					"@executable_path/Frameworks",
				);
				PRODUCT_BUNDLE_IDENTIFIER = nastasja.zhdanova.FLO;
				PRODUCT_NAME = "$(TARGET_NAME)";
				SWIFT_VERSION = 4.2;
				TARGETED_DEVICE_FAMILY = "1,2";
			};
			name = Release;
		};
/* End XCBuildConfiguration section */

/* Begin XCConfigurationList section */
		D2A067EA21E7A78B00917F94 /* Build configuration list for PBXProject "FLO" */ = {
			isa = XCConfigurationList;
			buildConfigurations = (
				D2A067FF21E7A78D00917F94 /* Debug */,
				D2A0680021E7A78D00917F94 /* Release */,
			);
			defaultConfigurationIsVisible = 0;
			defaultConfigurationName = Release;
		};
		D2A0680121E7A78D00917F94 /* Build configuration list for PBXNativeTarget "FLO" */ = {
			isa = XCConfigurationList;
			buildConfigurations = (
				D2A0680221E7A78D00917F94 /* Debug */,
				D2A0680321E7A78D00917F94 /* Release */,
			);
			defaultConfigurationIsVisible = 0;
			defaultConfigurationName = Release;
		};
/* End XCConfigurationList section */
	};
	rootObject = D2A067E721E7A78B00917F94 /* Project object */;
}
